# This file is automatically @generated by Poetry 1.7.1 and should not be changed by hand.

[[package]]
name = "nulltype"
version = "2.3.1"
description = "Null values and sentinels like (but not) None, False & True"
optional = false
python-versions = "*"
files = [
    {file = "nulltype-2.3.1-py2.py3-none-any.whl", hash = "sha256:16ae565745118e37e0558441f5821c76351d8c3a789640b5bca277cf65b2271b"},
    {file = "nulltype-2.3.1.zip", hash = "sha256:64aa3cb2ab5e904d1b37175b9b922bea268c13f9ce32e3d373313150ab5ef272"},
]

[[package]]
name = "plaid-python"
version = "18.4.0"
description = "Python client library for the Plaid API and Link"
optional = false
python-versions = ">=3.6"
files = [
    {file = "plaid-python-18.4.0.tar.gz", hash = "sha256:6eca538da4c04c80a4e7c607c67ab664cd4de4f352da8d275500d651e52f5407"},
]

[package.dependencies]
nulltype = "*"
python-dateutil = "*"
urllib3 = ">=1.25.3"

[[package]]
name = "polars"
version = "0.20.7"
description = "Blazingly fast DataFrame library"
optional = false
python-versions = ">=3.8"
files = [
    {file = "polars-0.20.7-cp38-abi3-macosx_10_12_x86_64.whl", hash = "sha256:fd6100df0ca53614c3fa7136251e030fb70dee8833023edf7a3ac380f8e2dce5"},
    {file = "polars-0.20.7-cp38-abi3-macosx_11_0_arm64.whl", hash = "sha256:359d556fafcb533bb0caa34ddfbd5161ee23b8a43817c7a2b80189720a1f42f6"},
    {file = "polars-0.20.7-cp38-abi3-manylinux_2_17_x86_64.manylinux2014_x86_64.whl", hash = "sha256:3cfc71d4569818548c9bf4285c497d62a3a542363c86940593a41dd731e69d7f"},
    {file = "polars-0.20.7-cp38-abi3-manylinux_2_24_aarch64.whl", hash = "sha256:ddff2fa419f15aa64ee23a94655fcb24b3e1b5c3eb30d124e3315deca2039a92"},
    {file = "polars-0.20.7-cp38-abi3-win_amd64.whl", hash = "sha256:f0928576a52eca47e14a8b98f4da22025b4b2fa32549f80f4d92c5187fd3f461"},
    {file = "polars-0.20.7.tar.gz", hash = "sha256:ec742fdf41e16ff699c043259ba94a11bbc2f7dcb978d768495db1ff2b3c5c20"},
]

[package.extras]
adbc = ["adbc_driver_sqlite"]
all = ["polars[adbc,cloudpickle,connectorx,deltalake,fsspec,gevent,numpy,pandas,plot,pyarrow,pydantic,pyiceberg,sqlalchemy,timezone,xlsx2csv,xlsxwriter]"]
cloudpickle = ["cloudpickle"]
connectorx = ["connectorx (>=0.3.2)"]
deltalake = ["deltalake (>=0.14.0)"]
fsspec = ["fsspec"]
gevent = ["gevent"]
matplotlib = ["matplotlib"]
numpy = ["numpy (>=1.16.0)"]
openpyxl = ["openpyxl (>=3.0.0)"]
pandas = ["pandas", "pyarrow (>=7.0.0)"]
plot = ["hvplot (>=0.9.1)"]
pyarrow = ["pyarrow (>=7.0.0)"]
pydantic = ["pydantic"]
pyiceberg = ["pyiceberg (>=0.5.0)"]
pyxlsb = ["pyxlsb (>=1.0)"]
sqlalchemy = ["pandas", "sqlalchemy"]
timezone = ["backports.zoneinfo", "tzdata"]
xlsx2csv = ["xlsx2csv (>=0.8.0)"]
xlsxwriter = ["xlsxwriter"]

[[package]]
name = "python-dateutil"
version = "2.8.2"
description = "Extensions to the standard Python datetime module"
optional = false
python-versions = "!=3.0.*,!=3.1.*,!=3.2.*,>=2.7"
files = [
    {file = "python-dateutil-2.8.2.tar.gz", hash = "sha256:0123cacc1627ae19ddf3c27a5de5bd67ee4586fbdd6440d9748f8abb483d3e86"},
    {file = "python_dateutil-2.8.2-py2.py3-none-any.whl", hash = "sha256:961d03dc3453ebbc59dbdea9e4e11c5651520a876d0f4db161e8674aae935da9"},
]

[package.dependencies]
six = ">=1.5"

[[package]]
name = "six"
version = "1.16.0"
description = "Python 2 and 3 compatibility utilities"
optional = false
python-versions = ">=2.7, !=3.0.*, !=3.1.*, !=3.2.*"
files = [
    {file = "six-1.16.0-py2.py3-none-any.whl", hash = "sha256:8abb2f1d86890a2dfb989f9a77cfcfd3e47c2a354b01111771326f8aa26e0254"},
    {file = "six-1.16.0.tar.gz", hash = "sha256:1e61c37477a1626458e36f7b1d82aa5c9b094fa4802892072e49de9c60c4c926"},
]

[[package]]
name = "urllib3"
version = "2.2.0"
description = "HTTP library with thread-safe connection pooling, file post, and more."
optional = false
python-versions = ">=3.8"
files = [
    {file = "urllib3-2.2.0-py3-none-any.whl", hash = "sha256:ce3711610ddce217e6d113a2732fafad960a03fd0318c91faa79481e35c11224"},
    {file = "urllib3-2.2.0.tar.gz", hash = "sha256:051d961ad0c62a94e50ecf1af379c3aba230c66c710493493560c0c223c49f20"},
]

[package.extras]
brotli = ["brotli (>=1.0.9)", "brotlicffi (>=0.8.0)"]
h2 = ["h2 (>=4,<5)"]
socks = ["pysocks (>=1.5.6,!=1.5.7,<2.0)"]
zstd = ["zstandard (>=0.18.0)"]

[metadata]
lock-version = "2.0"
python-versions = "^3.11"
content-hash = "64a5b3b25f33bbc70b15d7cd6dcd859d05968eb0d3a69ac23c7678590f23723a"
